
Microsoft Visual Studio Solution File, Format Version 12.00
# Visual Studio Version 16
VisualStudioVersion = 16.0.29503.13
MinimumVisualStudioVersion = 10.0.40219.1
Project("{FAE04EC0-301F-11D3-BF4B-00C04F79EFBC}") = "CoreWebAppCore30", "CoreWebAppCore30.csproj", "{065D4696-B6B3-44D2-B324-288E5EC6909F}"
EndProject
Global
	GlobalSection(SolutionConfigurationPlatforms) = preSolution
		Debug|Any CPU = Debug|Any CPU
		Release|Any CPU = Release|Any CPU
	EndGlobalSection
	GlobalSection(ProjectConfigurationPlatforms) = postSolution
		{065D4696-B6B3-44D2-B324-288E5EC6909F}.Debug|Any CPU.ActiveCfg = Debug|Any CPU
		{065D4696-B6B3-44D2-B324-288E5EC6909F}.Debug|Any CPU.Build.0 = Debug|Any CPU
		{065D4696-B6B3-44D2-B324-288E5EC6909F}.Release|Any CPU.ActiveCfg = Release|Any CPU
		{065D4696-B6B3-44D2-B324-288E5EC6909F}.Release|Any CPU.Build.0 = Release|Any CPU
	EndGlobalSection
	GlobalSection(SolutionProperties) = preSolution
		HideSolutionNode = FALSE
	EndGlobalSection
	GlobalSection(ExtensibilityGlobals) = postSolution
		SolutionGuid = {352629B8-3E33-418C-9FF0-5E00B5661177}
	EndGlobalSection
EndGlobal
