
Microsoft Visual Studio Solution File, Format Version 12.00
# Visual Studio 14
VisualStudioVersion = 14.0.25420.1
MinimumVisualStudioVersion = 10.0.40219.1
Project("{2150E333-8FDC-42A3-9474-1A3956D46DE8}") = "src", "src", "{A3031645-6A17-4E18-80E7-4B90C7879DE7}"
EndProject
Project("{2150E333-8FDC-42A3-9474-1A3956D46DE8}") = "Solution Items", "Solution Items", "{7C25D2BF-6F16-40DB-9357-6F9A361E0CEC}"
	ProjectSection(SolutionItems) = preProject
		global.json = global.json
	EndProjectSection
EndProject
Project("{8BB2217D-0F2D-49D1-97BC-3654ED321F3B}") = "MVCCore2", "src\MVCCore2\MVCCore2.xproj", "{941BB9A7-3782-405B-AE90-A24FFC71EAD7}"
EndProject
Global
	GlobalSection(SolutionConfigurationPlatforms) = preSolution
		Debug|Any CPU = Debug|Any CPU
		Release|Any CPU = Release|Any CPU
	EndGlobalSection
	GlobalSection(ProjectConfigurationPlatforms) = postSolution
		{941BB9A7-3782-405B-AE90-A24FFC71EAD7}.Debug|Any CPU.ActiveCfg = Debug|Any CPU
		{941BB9A7-3782-405B-AE90-A24FFC71EAD7}.Debug|Any CPU.Build.0 = Debug|Any CPU
		{941BB9A7-3782-405B-AE90-A24FFC71EAD7}.Release|Any CPU.ActiveCfg = Release|Any CPU
		{941BB9A7-3782-405B-AE90-A24FFC71EAD7}.Release|Any CPU.Build.0 = Release|Any CPU
	EndGlobalSection
	GlobalSection(SolutionProperties) = preSolution
		HideSolutionNode = FALSE
	EndGlobalSection
	GlobalSection(NestedProjects) = preSolution
		{941BB9A7-3782-405B-AE90-A24FFC71EAD7} = {A3031645-6A17-4E18-80E7-4B90C7879DE7}
	EndGlobalSection
EndGlobal
