
Microsoft Visual Studio Solution File, Format Version 12.00
# Visual Studio Version 16
VisualStudioVersion = 16.0.29503.13
MinimumVisualStudioVersion = 10.0.40219.1
Project("{9A19103F-16F7-4668-BE54-9A1E7A4F7556}") = "Layout", "Layout\Layout.csproj", "{2AC25082-83AE-40EC-8099-C39B03213EE5}"
EndProject
Project("{9A19103F-16F7-4668-BE54-9A1E7A4F7556}") = "RazorPages", "RazorPages\RazorPages.csproj", "{191FC511-7EC9-4048-B42C-EDF3C6783B20}"
EndProject
Project("{9A19103F-16F7-4668-BE54-9A1E7A4F7556}") = "CookieAuthApp", "CookieAuthApp\CookieAuthApp.csproj", "{69130673-9FE2-470B-9141-DE7166BD1E20}"
EndProject
Project("{9A19103F-16F7-4668-BE54-9A1E7A4F7556}") = "UserAndRole", "UserAndRole\UserAndRole.csproj", "{F71CB87E-AA5A-482A-BD48-034B9F0ABA72}"
EndProject
Project("{9A19103F-16F7-4668-BE54-9A1E7A4F7556}") = "JWTokenAuth", "JWTokenAuth\JWTokenAuth.csproj", "{EA671E07-9403-4E30-9FEB-AE1CCAEF8032}"
EndProject
Project("{9A19103F-16F7-4668-BE54-9A1E7A4F7556}") = "CoreIdentityApp", "CoreIdentityApp\CoreIdentityApp.csproj", "{9049E982-B099-4A9E-BC80-D395B5E7C035}"
EndProject
Project("{9A19103F-16F7-4668-BE54-9A1E7A4F7556}") = "CoreIdentityFromScratch", "CoreIdentityFromScratch\CoreIdentityFromScratch.csproj", "{1DBEBDB0-20A6-4638-849E-BF508AC63DC7}"
EndProject
Project("{2150E333-8FDC-42A3-9474-1A3956D46DE8}") = "22_Core_Identity", "22_Core_Identity", "{BBC093AC-9156-4F0E-B552-FCCB3D3E5036}"
EndProject
Project("{9A19103F-16F7-4668-BE54-9A1E7A4F7556}") = "EmailApp", "EmailApp\EmailApp.csproj", "{A01EEE92-008C-4A48-AD97-4EF8C5A542D6}"
EndProject
Project("{2150E333-8FDC-42A3-9474-1A3956D46DE8}") = "21_Auth", "21_Auth", "{00EFE839-5DEA-4D23-B187-1DB0276B65CA}"
EndProject
Project("{9A19103F-16F7-4668-BE54-9A1E7A4F7556}") = "Auth", "Auth\Auth.csproj", "{03FE5DE5-7678-43CE-A4AC-DAE0741C3BF0}"
EndProject
Project("{9A19103F-16F7-4668-BE54-9A1E7A4F7556}") = "Auth2", "Auth2\Auth2.csproj", "{38D42C13-2055-44EC-9EEC-A124F47058D5}"
EndProject
Project("{2150E333-8FDC-42A3-9474-1A3956D46DE8}") = "18_Razor_Pages", "18_Razor_Pages", "{0F5AC77A-6E91-4FC3-B50B-FEA0C61857AB}"
EndProject
Project("{2150E333-8FDC-42A3-9474-1A3956D46DE8}") = "17_EF", "17_EF", "{47FDF820-A2F7-4531-9D6A-E2CB8E26DB40}"
EndProject
Project("{9A19103F-16F7-4668-BE54-9A1E7A4F7556}") = "EFDataApp", "EFDataApp\EFDataApp.csproj", "{5030696F-767D-405B-8220-AD1D44F45F99}"
EndProject
Project("{9A19103F-16F7-4668-BE54-9A1E7A4F7556}") = "SortApp", "SortApp\SortApp.csproj", "{7F0E86D8-5C08-4413-88B9-5D71794263F9}"
EndProject
Project("{9A19103F-16F7-4668-BE54-9A1E7A4F7556}") = "PagingApp", "PagingApp\PagingApp.csproj", "{7E2501FC-5B6B-4C96-95B1-DF933C2E2542}"
EndProject
Project("{9A19103F-16F7-4668-BE54-9A1E7A4F7556}") = "SortFilterPagingApp", "SortFilterPagingApp\SortFilterPagingApp.csproj", "{3CEE9DE3-AA74-4587-AC8D-78A2623CC920}"
EndProject
Project("{2150E333-8FDC-42A3-9474-1A3956D46DE8}") = "EF_Guide", "EF_Guide", "{284BEE31-6986-4D65-89A2-C7CA0320E58E}"
EndProject
Project("{2150E333-8FDC-42A3-9474-1A3956D46DE8}") = "1_Intro", "1_Intro", "{75E4CF9E-A11E-4D88-955E-B93E40C05B01}"
EndProject
Project("{9A19103F-16F7-4668-BE54-9A1E7A4F7556}") = "FirstApp", "EF_Guide\1_Intro\FirstApp\FirstApp.csproj", "{22051BA3-38BA-4CDC-B087-61D1C95245F8}"
EndProject
Project("{9A19103F-16F7-4668-BE54-9A1E7A4F7556}") = "DbFirst", "EF_Guide\1_Intro\DbFirst\DbFirst.csproj", "{B6E135A8-F7BA-44B2-A9FB-6E0083D76C10}"
EndProject
Project("{2150E333-8FDC-42A3-9474-1A3956D46DE8}") = "TDD", "TDD", "{5ED3B304-A877-4614-BB8F-BE4AC5E8E1C8}"
EndProject
Project("{2150E333-8FDC-42A3-9474-1A3956D46DE8}") = "Sample1", "Sample1", "{58DE596F-EACC-4D41-95DD-4BB17A7C5C52}"
EndProject
Project("{FAE04EC0-301F-11D3-BF4B-00C04F79EFBC}") = "ReprterFeature", "TDD\Sample1\ReprterFeature\ReprterFeature.csproj", "{53AD2739-DCD8-437E-8E63-147761F9397B}"
EndProject
Project("{FAE04EC0-301F-11D3-BF4B-00C04F79EFBC}") = "ReporterTests", "TDD\Sample1\ReporterTests\ReporterTests.csproj", "{AE6B6477-ECFB-4F65-A1BE-52C4B34729A8}"
EndProject
Project("{2150E333-8FDC-42A3-9474-1A3956D46DE8}") = "2_CreateModel", "2_CreateModel", "{9D63A9B8-0F0C-4206-A212-9DB2979AFA2E}"
EndProject
Project("{9A19103F-16F7-4668-BE54-9A1E7A4F7556}") = "EfBasicsApp", "EF_Guide\2_CreateModel\EfBasicsApp\EfBasicsApp.csproj", "{BAAADC98-CDB8-4BC6-B90F-7858C3500737}"
EndProject
Project("{9A19103F-16F7-4668-BE54-9A1E7A4F7556}") = "GeneratePrimaryKeyValue", "EF_Guide\2_CreateModel\GeneratePrimaryKeyValue\GeneratePrimaryKeyValue.csproj", "{8DD45749-FC59-4DE3-8528-7F61C5C12703}"
EndProject
Project("{9A19103F-16F7-4668-BE54-9A1E7A4F7556}") = "ModelConfigClasses", "EF_Guide\2_CreateModel\ModelConfigClasses\ModelConfigClasses.csproj", "{3ACDD0C7-4D6B-4520-A8C4-7C34D0EBDC9F}"
EndProject
Project("{2150E333-8FDC-42A3-9474-1A3956D46DE8}") = "3_ModelRelations", "3_ModelRelations", "{48A41FA2-8A3B-4B77-B032-3C1AE5F106AF}"
EndProject
Project("{9A19103F-16F7-4668-BE54-9A1E7A4F7556}") = "NavigationProp", "EF_Guide\3_ModelRelations\NavigationProp\NavigationProp.csproj", "{8DFF88C2-07F1-4CB0-A199-0481E47BD81B}"
EndProject
Project("{9A19103F-16F7-4668-BE54-9A1E7A4F7556}") = "LoadNavigationProp", "EF_Guide\3_ModelRelations\LoadNavigationProp\LoadNavigationProp.csproj", "{6409B133-E8FF-4279-AF1D-9BCB5B98A36C}"
EndProject
Project("{2150E333-8FDC-42A3-9474-1A3956D46DE8}") = "02_Basics", "02_Basics", "{29268FED-FC76-467C-8704-842FBF77C241}"
EndProject
Project("{9A19103F-16F7-4668-BE54-9A1E7A4F7556}") = "FromConsoleToWeb", "02_Basics\FromConsoleToWeb\FromConsoleToWeb.csproj", "{7A4A4522-64D3-4914-B4C0-BA78E443AA98}"
EndProject
Project("{9A19103F-16F7-4668-BE54-9A1E7A4F7556}") = "EmptyWebApplication", "02_Basics\EmptyWebApplication\EmptyWebApplication.csproj", "{8F6D072A-1090-4214-AB52-7427EF27CD83}"
EndProject
Project("{9A19103F-16F7-4668-BE54-9A1E7A4F7556}") = "LearnMiddleware", "02_Basics\LearnMiddleware\LearnMiddleware.csproj", "{C8917863-EA2A-469B-85FF-9EC61D56FC14}"
EndProject
Project("{2150E333-8FDC-42A3-9474-1A3956D46DE8}") = "08_CoreMVC", "08_CoreMVC", "{0891D6DC-1286-4DCD-923D-4B45CE3A379A}"
EndProject
Project("{FAE04EC0-301F-11D3-BF4B-00C04F79EFBC}") = "HelloMvcApp", "08_CoreMVC\HelloMvcApp\HelloMvcApp.csproj", "{C360CDA0-C3ED-4ACD-8050-64042C66A76A}"
EndProject
Global
	GlobalSection(SolutionConfigurationPlatforms) = preSolution
		Debug|Any CPU = Debug|Any CPU
		Release|Any CPU = Release|Any CPU
	EndGlobalSection
	GlobalSection(ProjectConfigurationPlatforms) = postSolution
		{2AC25082-83AE-40EC-8099-C39B03213EE5}.Debug|Any CPU.ActiveCfg = Debug|Any CPU
		{2AC25082-83AE-40EC-8099-C39B03213EE5}.Debug|Any CPU.Build.0 = Debug|Any CPU
		{2AC25082-83AE-40EC-8099-C39B03213EE5}.Release|Any CPU.ActiveCfg = Release|Any CPU
		{2AC25082-83AE-40EC-8099-C39B03213EE5}.Release|Any CPU.Build.0 = Release|Any CPU
		{191FC511-7EC9-4048-B42C-EDF3C6783B20}.Debug|Any CPU.ActiveCfg = Debug|Any CPU
		{191FC511-7EC9-4048-B42C-EDF3C6783B20}.Debug|Any CPU.Build.0 = Debug|Any CPU
		{191FC511-7EC9-4048-B42C-EDF3C6783B20}.Release|Any CPU.ActiveCfg = Release|Any CPU
		{191FC511-7EC9-4048-B42C-EDF3C6783B20}.Release|Any CPU.Build.0 = Release|Any CPU
		{69130673-9FE2-470B-9141-DE7166BD1E20}.Debug|Any CPU.ActiveCfg = Debug|Any CPU
		{69130673-9FE2-470B-9141-DE7166BD1E20}.Debug|Any CPU.Build.0 = Debug|Any CPU
		{69130673-9FE2-470B-9141-DE7166BD1E20}.Release|Any CPU.ActiveCfg = Release|Any CPU
		{69130673-9FE2-470B-9141-DE7166BD1E20}.Release|Any CPU.Build.0 = Release|Any CPU
		{F71CB87E-AA5A-482A-BD48-034B9F0ABA72}.Debug|Any CPU.ActiveCfg = Debug|Any CPU
		{F71CB87E-AA5A-482A-BD48-034B9F0ABA72}.Debug|Any CPU.Build.0 = Debug|Any CPU
		{F71CB87E-AA5A-482A-BD48-034B9F0ABA72}.Release|Any CPU.ActiveCfg = Release|Any CPU
		{F71CB87E-AA5A-482A-BD48-034B9F0ABA72}.Release|Any CPU.Build.0 = Release|Any CPU
		{EA671E07-9403-4E30-9FEB-AE1CCAEF8032}.Debug|Any CPU.ActiveCfg = Debug|Any CPU
		{EA671E07-9403-4E30-9FEB-AE1CCAEF8032}.Debug|Any CPU.Build.0 = Debug|Any CPU
		{EA671E07-9403-4E30-9FEB-AE1CCAEF8032}.Release|Any CPU.ActiveCfg = Release|Any CPU
		{EA671E07-9403-4E30-9FEB-AE1CCAEF8032}.Release|Any CPU.Build.0 = Release|Any CPU
		{9049E982-B099-4A9E-BC80-D395B5E7C035}.Debug|Any CPU.ActiveCfg = Debug|Any CPU
		{9049E982-B099-4A9E-BC80-D395B5E7C035}.Debug|Any CPU.Build.0 = Debug|Any CPU
		{9049E982-B099-4A9E-BC80-D395B5E7C035}.Release|Any CPU.ActiveCfg = Release|Any CPU
		{9049E982-B099-4A9E-BC80-D395B5E7C035}.Release|Any CPU.Build.0 = Release|Any CPU
		{1DBEBDB0-20A6-4638-849E-BF508AC63DC7}.Debug|Any CPU.ActiveCfg = Debug|Any CPU
		{1DBEBDB0-20A6-4638-849E-BF508AC63DC7}.Debug|Any CPU.Build.0 = Debug|Any CPU
		{1DBEBDB0-20A6-4638-849E-BF508AC63DC7}.Release|Any CPU.ActiveCfg = Release|Any CPU
		{1DBEBDB0-20A6-4638-849E-BF508AC63DC7}.Release|Any CPU.Build.0 = Release|Any CPU
		{A01EEE92-008C-4A48-AD97-4EF8C5A542D6}.Debug|Any CPU.ActiveCfg = Debug|Any CPU
		{A01EEE92-008C-4A48-AD97-4EF8C5A542D6}.Debug|Any CPU.Build.0 = Debug|Any CPU
		{A01EEE92-008C-4A48-AD97-4EF8C5A542D6}.Release|Any CPU.ActiveCfg = Release|Any CPU
		{A01EEE92-008C-4A48-AD97-4EF8C5A542D6}.Release|Any CPU.Build.0 = Release|Any CPU
		{03FE5DE5-7678-43CE-A4AC-DAE0741C3BF0}.Debug|Any CPU.ActiveCfg = Debug|Any CPU
		{03FE5DE5-7678-43CE-A4AC-DAE0741C3BF0}.Debug|Any CPU.Build.0 = Debug|Any CPU
		{03FE5DE5-7678-43CE-A4AC-DAE0741C3BF0}.Release|Any CPU.ActiveCfg = Release|Any CPU
		{03FE5DE5-7678-43CE-A4AC-DAE0741C3BF0}.Release|Any CPU.Build.0 = Release|Any CPU
		{38D42C13-2055-44EC-9EEC-A124F47058D5}.Debug|Any CPU.ActiveCfg = Debug|Any CPU
		{38D42C13-2055-44EC-9EEC-A124F47058D5}.Debug|Any CPU.Build.0 = Debug|Any CPU
		{38D42C13-2055-44EC-9EEC-A124F47058D5}.Release|Any CPU.ActiveCfg = Release|Any CPU
		{38D42C13-2055-44EC-9EEC-A124F47058D5}.Release|Any CPU.Build.0 = Release|Any CPU
		{5030696F-767D-405B-8220-AD1D44F45F99}.Debug|Any CPU.ActiveCfg = Debug|Any CPU
		{5030696F-767D-405B-8220-AD1D44F45F99}.Debug|Any CPU.Build.0 = Debug|Any CPU
		{5030696F-767D-405B-8220-AD1D44F45F99}.Release|Any CPU.ActiveCfg = Release|Any CPU
		{5030696F-767D-405B-8220-AD1D44F45F99}.Release|Any CPU.Build.0 = Release|Any CPU
		{7F0E86D8-5C08-4413-88B9-5D71794263F9}.Debug|Any CPU.ActiveCfg = Debug|Any CPU
		{7F0E86D8-5C08-4413-88B9-5D71794263F9}.Debug|Any CPU.Build.0 = Debug|Any CPU
		{7F0E86D8-5C08-4413-88B9-5D71794263F9}.Release|Any CPU.ActiveCfg = Release|Any CPU
		{7F0E86D8-5C08-4413-88B9-5D71794263F9}.Release|Any CPU.Build.0 = Release|Any CPU
		{7E2501FC-5B6B-4C96-95B1-DF933C2E2542}.Debug|Any CPU.ActiveCfg = Debug|Any CPU
		{7E2501FC-5B6B-4C96-95B1-DF933C2E2542}.Debug|Any CPU.Build.0 = Debug|Any CPU
		{7E2501FC-5B6B-4C96-95B1-DF933C2E2542}.Release|Any CPU.ActiveCfg = Release|Any CPU
		{7E2501FC-5B6B-4C96-95B1-DF933C2E2542}.Release|Any CPU.Build.0 = Release|Any CPU
		{3CEE9DE3-AA74-4587-AC8D-78A2623CC920}.Debug|Any CPU.ActiveCfg = Debug|Any CPU
		{3CEE9DE3-AA74-4587-AC8D-78A2623CC920}.Debug|Any CPU.Build.0 = Debug|Any CPU
		{3CEE9DE3-AA74-4587-AC8D-78A2623CC920}.Release|Any CPU.ActiveCfg = Release|Any CPU
		{3CEE9DE3-AA74-4587-AC8D-78A2623CC920}.Release|Any CPU.Build.0 = Release|Any CPU
		{22051BA3-38BA-4CDC-B087-61D1C95245F8}.Debug|Any CPU.ActiveCfg = Debug|Any CPU
		{22051BA3-38BA-4CDC-B087-61D1C95245F8}.Debug|Any CPU.Build.0 = Debug|Any CPU
		{22051BA3-38BA-4CDC-B087-61D1C95245F8}.Release|Any CPU.ActiveCfg = Release|Any CPU
		{22051BA3-38BA-4CDC-B087-61D1C95245F8}.Release|Any CPU.Build.0 = Release|Any CPU
		{B6E135A8-F7BA-44B2-A9FB-6E0083D76C10}.Debug|Any CPU.ActiveCfg = Debug|Any CPU
		{B6E135A8-F7BA-44B2-A9FB-6E0083D76C10}.Debug|Any CPU.Build.0 = Debug|Any CPU
		{B6E135A8-F7BA-44B2-A9FB-6E0083D76C10}.Release|Any CPU.ActiveCfg = Release|Any CPU
		{B6E135A8-F7BA-44B2-A9FB-6E0083D76C10}.Release|Any CPU.Build.0 = Release|Any CPU
		{53AD2739-DCD8-437E-8E63-147761F9397B}.Debug|Any CPU.ActiveCfg = Debug|Any CPU
		{53AD2739-DCD8-437E-8E63-147761F9397B}.Debug|Any CPU.Build.0 = Debug|Any CPU
		{53AD2739-DCD8-437E-8E63-147761F9397B}.Release|Any CPU.ActiveCfg = Release|Any CPU
		{53AD2739-DCD8-437E-8E63-147761F9397B}.Release|Any CPU.Build.0 = Release|Any CPU
		{AE6B6477-ECFB-4F65-A1BE-52C4B34729A8}.Debug|Any CPU.ActiveCfg = Debug|Any CPU
		{AE6B6477-ECFB-4F65-A1BE-52C4B34729A8}.Debug|Any CPU.Build.0 = Debug|Any CPU
		{AE6B6477-ECFB-4F65-A1BE-52C4B34729A8}.Release|Any CPU.ActiveCfg = Release|Any CPU
		{AE6B6477-ECFB-4F65-A1BE-52C4B34729A8}.Release|Any CPU.Build.0 = Release|Any CPU
		{BAAADC98-CDB8-4BC6-B90F-7858C3500737}.Debug|Any CPU.ActiveCfg = Debug|Any CPU
		{BAAADC98-CDB8-4BC6-B90F-7858C3500737}.Debug|Any CPU.Build.0 = Debug|Any CPU
		{BAAADC98-CDB8-4BC6-B90F-7858C3500737}.Release|Any CPU.ActiveCfg = Release|Any CPU
		{BAAADC98-CDB8-4BC6-B90F-7858C3500737}.Release|Any CPU.Build.0 = Release|Any CPU
		{8DD45749-FC59-4DE3-8528-7F61C5C12703}.Debug|Any CPU.ActiveCfg = Debug|Any CPU
		{8DD45749-FC59-4DE3-8528-7F61C5C12703}.Debug|Any CPU.Build.0 = Debug|Any CPU
		{8DD45749-FC59-4DE3-8528-7F61C5C12703}.Release|Any CPU.ActiveCfg = Release|Any CPU
		{8DD45749-FC59-4DE3-8528-7F61C5C12703}.Release|Any CPU.Build.0 = Release|Any CPU
		{3ACDD0C7-4D6B-4520-A8C4-7C34D0EBDC9F}.Debug|Any CPU.ActiveCfg = Debug|Any CPU
		{3ACDD0C7-4D6B-4520-A8C4-7C34D0EBDC9F}.Debug|Any CPU.Build.0 = Debug|Any CPU
		{3ACDD0C7-4D6B-4520-A8C4-7C34D0EBDC9F}.Release|Any CPU.ActiveCfg = Release|Any CPU
		{3ACDD0C7-4D6B-4520-A8C4-7C34D0EBDC9F}.Release|Any CPU.Build.0 = Release|Any CPU
		{8DFF88C2-07F1-4CB0-A199-0481E47BD81B}.Debug|Any CPU.ActiveCfg = Debug|Any CPU
		{8DFF88C2-07F1-4CB0-A199-0481E47BD81B}.Debug|Any CPU.Build.0 = Debug|Any CPU
		{8DFF88C2-07F1-4CB0-A199-0481E47BD81B}.Release|Any CPU.ActiveCfg = Release|Any CPU
		{8DFF88C2-07F1-4CB0-A199-0481E47BD81B}.Release|Any CPU.Build.0 = Release|Any CPU
		{6409B133-E8FF-4279-AF1D-9BCB5B98A36C}.Debug|Any CPU.ActiveCfg = Debug|Any CPU
		{6409B133-E8FF-4279-AF1D-9BCB5B98A36C}.Debug|Any CPU.Build.0 = Debug|Any CPU
		{6409B133-E8FF-4279-AF1D-9BCB5B98A36C}.Release|Any CPU.ActiveCfg = Release|Any CPU
		{6409B133-E8FF-4279-AF1D-9BCB5B98A36C}.Release|Any CPU.Build.0 = Release|Any CPU
		{7A4A4522-64D3-4914-B4C0-BA78E443AA98}.Debug|Any CPU.ActiveCfg = Debug|Any CPU
		{7A4A4522-64D3-4914-B4C0-BA78E443AA98}.Debug|Any CPU.Build.0 = Debug|Any CPU
		{7A4A4522-64D3-4914-B4C0-BA78E443AA98}.Release|Any CPU.ActiveCfg = Release|Any CPU
		{7A4A4522-64D3-4914-B4C0-BA78E443AA98}.Release|Any CPU.Build.0 = Release|Any CPU
		{8F6D072A-1090-4214-AB52-7427EF27CD83}.Debug|Any CPU.ActiveCfg = Debug|Any CPU
		{8F6D072A-1090-4214-AB52-7427EF27CD83}.Debug|Any CPU.Build.0 = Debug|Any CPU
		{8F6D072A-1090-4214-AB52-7427EF27CD83}.Release|Any CPU.ActiveCfg = Release|Any CPU
		{8F6D072A-1090-4214-AB52-7427EF27CD83}.Release|Any CPU.Build.0 = Release|Any CPU
		{C8917863-EA2A-469B-85FF-9EC61D56FC14}.Debug|Any CPU.ActiveCfg = Debug|Any CPU
		{C8917863-EA2A-469B-85FF-9EC61D56FC14}.Debug|Any CPU.Build.0 = Debug|Any CPU
		{C8917863-EA2A-469B-85FF-9EC61D56FC14}.Release|Any CPU.ActiveCfg = Release|Any CPU
		{C8917863-EA2A-469B-85FF-9EC61D56FC14}.Release|Any CPU.Build.0 = Release|Any CPU
		{C360CDA0-C3ED-4ACD-8050-64042C66A76A}.Debug|Any CPU.ActiveCfg = Debug|Any CPU
		{C360CDA0-C3ED-4ACD-8050-64042C66A76A}.Debug|Any CPU.Build.0 = Debug|Any CPU
		{C360CDA0-C3ED-4ACD-8050-64042C66A76A}.Release|Any CPU.ActiveCfg = Release|Any CPU
		{C360CDA0-C3ED-4ACD-8050-64042C66A76A}.Release|Any CPU.Build.0 = Release|Any CPU
	EndGlobalSection
	GlobalSection(SolutionProperties) = preSolution
		HideSolutionNode = FALSE
	EndGlobalSection
	GlobalSection(NestedProjects) = preSolution
		{2AC25082-83AE-40EC-8099-C39B03213EE5} = {0F5AC77A-6E91-4FC3-B50B-FEA0C61857AB}
		{191FC511-7EC9-4048-B42C-EDF3C6783B20} = {0F5AC77A-6E91-4FC3-B50B-FEA0C61857AB}
		{69130673-9FE2-470B-9141-DE7166BD1E20} = {00EFE839-5DEA-4D23-B187-1DB0276B65CA}
		{F71CB87E-AA5A-482A-BD48-034B9F0ABA72} = {00EFE839-5DEA-4D23-B187-1DB0276B65CA}
		{EA671E07-9403-4E30-9FEB-AE1CCAEF8032} = {00EFE839-5DEA-4D23-B187-1DB0276B65CA}
		{9049E982-B099-4A9E-BC80-D395B5E7C035} = {BBC093AC-9156-4F0E-B552-FCCB3D3E5036}
		{1DBEBDB0-20A6-4638-849E-BF508AC63DC7} = {BBC093AC-9156-4F0E-B552-FCCB3D3E5036}
		{A01EEE92-008C-4A48-AD97-4EF8C5A542D6} = {BBC093AC-9156-4F0E-B552-FCCB3D3E5036}
		{03FE5DE5-7678-43CE-A4AC-DAE0741C3BF0} = {00EFE839-5DEA-4D23-B187-1DB0276B65CA}
		{38D42C13-2055-44EC-9EEC-A124F47058D5} = {00EFE839-5DEA-4D23-B187-1DB0276B65CA}
		{5030696F-767D-405B-8220-AD1D44F45F99} = {47FDF820-A2F7-4531-9D6A-E2CB8E26DB40}
		{7F0E86D8-5C08-4413-88B9-5D71794263F9} = {47FDF820-A2F7-4531-9D6A-E2CB8E26DB40}
		{7E2501FC-5B6B-4C96-95B1-DF933C2E2542} = {47FDF820-A2F7-4531-9D6A-E2CB8E26DB40}
		{3CEE9DE3-AA74-4587-AC8D-78A2623CC920} = {47FDF820-A2F7-4531-9D6A-E2CB8E26DB40}
		{75E4CF9E-A11E-4D88-955E-B93E40C05B01} = {284BEE31-6986-4D65-89A2-C7CA0320E58E}
		{22051BA3-38BA-4CDC-B087-61D1C95245F8} = {75E4CF9E-A11E-4D88-955E-B93E40C05B01}
		{B6E135A8-F7BA-44B2-A9FB-6E0083D76C10} = {75E4CF9E-A11E-4D88-955E-B93E40C05B01}
		{58DE596F-EACC-4D41-95DD-4BB17A7C5C52} = {5ED3B304-A877-4614-BB8F-BE4AC5E8E1C8}
		{53AD2739-DCD8-437E-8E63-147761F9397B} = {58DE596F-EACC-4D41-95DD-4BB17A7C5C52}
		{AE6B6477-ECFB-4F65-A1BE-52C4B34729A8} = {58DE596F-EACC-4D41-95DD-4BB17A7C5C52}
		{9D63A9B8-0F0C-4206-A212-9DB2979AFA2E} = {284BEE31-6986-4D65-89A2-C7CA0320E58E}
		{BAAADC98-CDB8-4BC6-B90F-7858C3500737} = {9D63A9B8-0F0C-4206-A212-9DB2979AFA2E}
		{8DD45749-FC59-4DE3-8528-7F61C5C12703} = {9D63A9B8-0F0C-4206-A212-9DB2979AFA2E}
		{3ACDD0C7-4D6B-4520-A8C4-7C34D0EBDC9F} = {9D63A9B8-0F0C-4206-A212-9DB2979AFA2E}
		{48A41FA2-8A3B-4B77-B032-3C1AE5F106AF} = {284BEE31-6986-4D65-89A2-C7CA0320E58E}
		{8DFF88C2-07F1-4CB0-A199-0481E47BD81B} = {48A41FA2-8A3B-4B77-B032-3C1AE5F106AF}
		{6409B133-E8FF-4279-AF1D-9BCB5B98A36C} = {48A41FA2-8A3B-4B77-B032-3C1AE5F106AF}
		{7A4A4522-64D3-4914-B4C0-BA78E443AA98} = {29268FED-FC76-467C-8704-842FBF77C241}
		{8F6D072A-1090-4214-AB52-7427EF27CD83} = {29268FED-FC76-467C-8704-842FBF77C241}
		{C8917863-EA2A-469B-85FF-9EC61D56FC14} = {29268FED-FC76-467C-8704-842FBF77C241}
		{C360CDA0-C3ED-4ACD-8050-64042C66A76A} = {0891D6DC-1286-4DCD-923D-4B45CE3A379A}
	EndGlobalSection
	GlobalSection(ExtensibilityGlobals) = postSolution
		SolutionGuid = {A47D0A4A-C62C-4F5B-BDF0-B6C045601E4A}
	EndGlobalSection
EndGlobal
