
Microsoft Visual Studio Solution File, Format Version 12.00
# Visual Studio Version 16
VisualStudioVersion = 16.0.30804.86
MinimumVisualStudioVersion = 10.0.40219.1
Project("{FAE04EC0-301F-11D3-BF4B-00C04F79EFBC}") = "TrialTest", "TrialTest\TrialTest.csproj", "{F24B66AC-77DB-4174-BE14-4B803D213D63}"
EndProject
Project("{FAE04EC0-301F-11D3-BF4B-00C04F79EFBC}") = "TrialTest2", "TrialTest2\TrialTest2.csproj", "{10DCB43F-7FBE-4389-8A3F-4FC7E3056248}"
EndProject
Project("{2150E333-8FDC-42A3-9474-1A3956D46DE8}") = "1.Creational Patterns", "1.Creational Patterns", "{03C4203B-FC34-406F-8869-20CCD1B14E5E}"
	ProjectSection(SolutionItems) = preProject
		ProgrammingPatterns\1.Creational Patterns\ReadMe.txt = ProgrammingPatterns\1.Creational Patterns\ReadMe.txt
	EndProjectSection
EndProject
Project("{2150E333-8FDC-42A3-9474-1A3956D46DE8}") = "2.Behavioral Patterns", "2.Behavioral Patterns", "{8891168A-D19D-45A0-9DB1-3ECE45451767}"
EndProject
Project("{2150E333-8FDC-42A3-9474-1A3956D46DE8}") = "CommandPattern", "CommandPattern", "{4B9F5653-BFAF-4A4B-AEFE-28682245D291}"
EndProject
Project("{2150E333-8FDC-42A3-9474-1A3956D46DE8}") = "ParallelProgramming", "ParallelProgramming", "{CAA73B6D-8880-4EE1-A081-2F8F6E0F1A0A}"
EndProject
Project("{2150E333-8FDC-42A3-9474-1A3956D46DE8}") = "TPL", "TPL", "{14BBB065-C293-45BB-80C1-8A2326A120C2}"
EndProject
Project("{9A19103F-16F7-4668-BE54-9A1E7A4F7556}") = "DataParallelism", "ParallelProgramming\TPL\DataParallelism\DataParallelism.csproj", "{C23070F2-9E42-4F18-9775-CD5A46A4E5C4}"
EndProject
Project("{2150E333-8FDC-42A3-9474-1A3956D46DE8}") = "Task-based Asynchronous Programming", "Task-based Asynchronous Programming", "{F15BF61A-16A7-4774-81A0-2BB42BBBE1B0}"
EndProject
Project("{9A19103F-16F7-4668-BE54-9A1E7A4F7556}") = "TPLAsync", "ParallelProgramming\TaskBasedAsynchronousProgramming\TPLAsync\TPLAsync.csproj", "{F8E1F325-47EF-45BD-8CAD-2158D2716552}"
EndProject
Project("{2150E333-8FDC-42A3-9474-1A3956D46DE8}") = "3.Structural Patterns", "3.Structural Patterns", "{5D53E566-B8A7-4674-B2CF-B797C8557C16}"
EndProject
Project("{2150E333-8FDC-42A3-9474-1A3956D46DE8}") = "Agile", "Agile", "{376CEA56-3C1B-4A84-A16D-A3C370A01A35}"
EndProject
Project("{FAE04EC0-301F-11D3-BF4B-00C04F79EFBC}") = "CofeeMaker", "Agile\CofeeMaker\CofeeMaker.csproj", "{0B502361-BB30-4783-AAE5-FD610ED2196A}"
EndProject
Project("{9A19103F-16F7-4668-BE54-9A1E7A4F7556}") = "TestCoffeeMaker", "Agile\TestCoffeeMaker\TestCoffeeMaker.csproj", "{A9F3152D-E7C2-48FC-986D-AC447550856E}"
EndProject
Project("{2150E333-8FDC-42A3-9474-1A3956D46DE8}") = "CofeeMakerSln", "CofeeMakerSln", "{DE76817E-C484-4E0A-96CE-96613C4CFAEE}"
EndProject
Project("{2150E333-8FDC-42A3-9474-1A3956D46DE8}") = "ActiveObjectPattern", "ActiveObjectPattern", "{D06FE291-2884-4F22-A12F-FE0F026CF6C3}"
EndProject
Project("{2150E333-8FDC-42A3-9474-1A3956D46DE8}") = "NullObjectPattern", "NullObjectPattern", "{25B3CDA5-48FC-4D88-AB64-48276E169E11}"
EndProject
Project("{9A19103F-16F7-4668-BE54-9A1E7A4F7556}") = "PayrollSystem", "Agile\PayrollSystem\PayrollSystem.csproj", "{41543B5B-A31A-490C-A442-121332119CDF}"
EndProject
Project("{2150E333-8FDC-42A3-9474-1A3956D46DE8}") = "PayRollSystemApp", "PayRollSystemApp", "{46D42A12-F769-4463-8624-EBE9AAF545C8}"
EndProject
Project("{9A19103F-16F7-4668-BE54-9A1E7A4F7556}") = "PayrollSystemTests", "Agile\PayrollSystemTests\PayrollSystemTests.csproj", "{AEB00618-83CE-45EC-B7D8-77E27D98CAA4}"
EndProject
Project("{9A19103F-16F7-4668-BE54-9A1E7A4F7556}") = "TrialTest3", "TrialTests\TrialTest3\TrialTest3.csproj", "{A3620044-7BA7-4724-80AB-61492F26D940}"
EndProject
Project("{2150E333-8FDC-42A3-9474-1A3956D46DE8}") = "AbstractFactoryPattern", "AbstractFactoryPattern", "{6A4CB7F3-2B84-4867-AD33-B94B8C8D6C3A}"
EndProject
Project("{2150E333-8FDC-42A3-9474-1A3956D46DE8}") = "ProgrammingPatterns", "ProgrammingPatterns", "{719BA251-BC75-4307-A81B-A0E15614809D}"
EndProject
Project("{FAE04EC0-301F-11D3-BF4B-00C04F79EFBC}") = "AbstractFactoryPattern", "ProgrammingPatterns\1.Creational Patterns\AbstractFactoryPattern\AbstractFactoryPattern\AbstractFactoryPattern.csproj", "{F812FA82-2FD2-41AC-9023-1A15BF237627}"
EndProject
Project("{FAE04EC0-301F-11D3-BF4B-00C04F79EFBC}") = "AbstractFactoryPattern2", "ProgrammingPatterns\1.Creational Patterns\AbstractFactoryPattern\AbstractFactoryPattern2\AbstractFactoryPattern2.csproj", "{75EAC114-2503-44D2-B9FF-BD655A5E919E}"
EndProject
Project("{FAE04EC0-301F-11D3-BF4B-00C04F79EFBC}") = "BuilderPattern", "ProgrammingPatterns\1.Creational Patterns\BuilderPattern\BuilderPattern.csproj", "{C05F4EA7-2D7A-4EAA-A3DA-22E2678553A6}"
EndProject
Project("{FAE04EC0-301F-11D3-BF4B-00C04F79EFBC}") = "PrototypePattern", "ProgrammingPatterns\1.Creational Patterns\PrototypePattern\PrototypePattern.csproj", "{BC67C1E4-1551-48DA-976E-29F8286ED0F8}"
EndProject
Project("{FAE04EC0-301F-11D3-BF4B-00C04F79EFBC}") = "SingletonPattern", "ProgrammingPatterns\1.Creational Patterns\SingletonPattern\SingletonPattern.csproj", "{6129C2FE-14DA-4FCC-A431-5221682BFED6}"
EndProject
Project("{FAE04EC0-301F-11D3-BF4B-00C04F79EFBC}") = "CommandPattern", "ProgrammingPatterns\2.Behavioral Patterns\CommandPattern\CommandPattern\CommandPattern.csproj", "{907E5CDE-A18E-402C-AA5C-15CEA59F92D9}"
EndProject
Project("{FAE04EC0-301F-11D3-BF4B-00C04F79EFBC}") = "CommandPattern2", "ProgrammingPatterns\2.Behavioral Patterns\CommandPattern\CommandPattern2\CommandPattern2.csproj", "{3CB4BADE-61CC-4D82-9F64-B47D4D034465}"
EndProject
Project("{FAE04EC0-301F-11D3-BF4B-00C04F79EFBC}") = "Decorator", "ProgrammingPatterns\2.Behavioral Patterns\Decorator\Decorator.csproj", "{9DA63CD8-2D84-45C6-91C6-C53322624C5A}"
EndProject
Project("{FAE04EC0-301F-11D3-BF4B-00C04F79EFBC}") = "ChaiOfResponsibilityPattern", "ProgrammingPatterns\2.Behavioral Patterns\ChaiOfResponsibilityPattern\ChaiOfResponsibilityPattern.csproj", "{CB8C8318-637A-4AE5-944B-A7630D46C6DD}"
EndProject
Project("{FAE04EC0-301F-11D3-BF4B-00C04F79EFBC}") = "Flyweight", "ProgrammingPatterns\2.Behavioral Patterns\Flyweight\Flyweight.csproj", "{E5A73CDC-6D49-4DF7-806B-75C2E6422E49}"
EndProject
Project("{FAE04EC0-301F-11D3-BF4B-00C04F79EFBC}") = "MediatorPattern", "ProgrammingPatterns\2.Behavioral Patterns\MediatorPattern\MediatorPattern.csproj", "{1F982BFA-D228-46CE-B37D-2B242FFC0BB4}"
EndProject
Project("{FAE04EC0-301F-11D3-BF4B-00C04F79EFBC}") = "ObserverPattern", "ProgrammingPatterns\2.Behavioral Patterns\ObserverPattern\ObserverPattern.csproj", "{FF7C7637-21BC-4B15-A376-728DDD5904AD}"
EndProject
Project("{FAE04EC0-301F-11D3-BF4B-00C04F79EFBC}") = "StatePattern", "ProgrammingPatterns\2.Behavioral Patterns\StatePattern\StatePattern.csproj", "{7C4ED5E0-B05A-498E-ADE2-2652B018ED5C}"
EndProject
Project("{FAE04EC0-301F-11D3-BF4B-00C04F79EFBC}") = "StrategyPattern", "ProgrammingPatterns\2.Behavioral Patterns\StrategyPattern\StrategyPattern.csproj", "{7543013F-2429-4DDA-9E8F-1162AD1E5531}"
EndProject
Project("{FAE04EC0-301F-11D3-BF4B-00C04F79EFBC}") = "TemplateMethodPattern", "ProgrammingPatterns\2.Behavioral Patterns\TemplateMethodPattern\TemplateMethodPattern.csproj", "{69AFADC9-E7AF-453E-993F-E7AB4534A34B}"
EndProject
Project("{9A19103F-16F7-4668-BE54-9A1E7A4F7556}") = "VisitorPattern", "ProgrammingPatterns\2.Behavioral Patterns\VisitorPattern\VisitorPattern.csproj", "{FD2E3A6C-7386-4385-909C-BA4D938477CC}"
EndProject
Project("{FAE04EC0-301F-11D3-BF4B-00C04F79EFBC}") = "BridgePattern", "ProgrammingPatterns\3.Structural Patterns\BridgePattern\BridgePattern.csproj", "{A57C6C6C-F1D7-4E38-A881-C3063F36DBE1}"
EndProject
Project("{2150E333-8FDC-42A3-9474-1A3956D46DE8}") = "FactoryMethodPattern", "FactoryMethodPattern", "{998BE6DC-746C-4829-AC37-93256B300F04}"
EndProject
Project("{FAE04EC0-301F-11D3-BF4B-00C04F79EFBC}") = "FactoryMethodPattern", "ProgrammingPatterns\1.Creational Patterns\FactoryMethodPattern\FactoryMethodPattern\FactoryMethodPattern.csproj", "{5B5C92DE-74C1-4896-AE47-7E69AF81D10F}"
EndProject
Project("{FAE04EC0-301F-11D3-BF4B-00C04F79EFBC}") = "FactoryMethodPattern2", "ProgrammingPatterns\1.Creational Patterns\FactoryMethodPattern\FactoryMethodPattern2\FactoryMethodPattern2.csproj", "{CA6CB5F9-C0A4-4DD2-B53C-6E6765E305BE}"
EndProject
Project("{9A19103F-16F7-4668-BE54-9A1E7A4F7556}") = "ActiveObjectEngineTest", "Agile\ActiveObjectEngineTest\ActiveObjectEngineTest.csproj", "{4FCFA72B-D852-4CA9-9783-C6D01D79342C}"
EndProject
Project("{2150E333-8FDC-42A3-9474-1A3956D46DE8}") = "Basics", "Basics", "{E1E39965-2E35-4175-964B-C41A521AA3C7}"
EndProject
Project("{9A19103F-16F7-4668-BE54-9A1E7A4F7556}") = "NullObjectPatterntTest", "Agile\NullObjectPattern\NullObjectPatterntTest\NullObjectPatterntTest.csproj", "{FC1D9DF4-A06B-4C12-A4FA-B0AEE4C3AE57}"
EndProject
Project("{FAE04EC0-301F-11D3-BF4B-00C04F79EFBC}") = "Lessons", "Basics\Lessons\Lessons.csproj", "{ACE4C687-A66D-4E32-96C5-AC08EFB333DF}"
EndProject
Project("{FAE04EC0-301F-11D3-BF4B-00C04F79EFBC}") = "OOPFundamentals", "Basics\OOPFundamentals\OOPFundamentals.csproj", "{91491056-694F-480F-AABA-CDC1C66EC6DA}"
EndProject
Project("{FAE04EC0-301F-11D3-BF4B-00C04F79EFBC}") = "ThreeWaysToExtendAClass", "Basics\ThreeWaysToExtendAClass\ThreeWaysToExtendAClass.csproj", "{2013C94E-13A8-48B5-BAB0-9F1CE1A6DC39}"
EndProject
Project("{FAE04EC0-301F-11D3-BF4B-00C04F79EFBC}") = "WorkingWithThreads", "Basics\WorkingWithThreads\WorkingWithThreads.csproj", "{6F843DF0-AB4A-479C-BFCA-789CD55B20DD}"
EndProject
Project("{2150E333-8FDC-42A3-9474-1A3956D46DE8}") = "WCFSamples", "WCFSamples", "{FB942C8F-5819-4473-BE4C-578514823F8C}"
EndProject
Project("{2150E333-8FDC-42A3-9474-1A3956D46DE8}") = "HelloWCF", "HelloWCF", "{DE0ACD68-CC8F-4A75-A295-77910EBCD1A2}"
EndProject
Project("{FAE04EC0-301F-11D3-BF4B-00C04F79EFBC}") = "Client", "WCFSamples\HelloWCF\Client\Client.csproj", "{19BC98FD-E45C-46EE-BAF5-7FC860603560}"
EndProject
Project("{FAE04EC0-301F-11D3-BF4B-00C04F79EFBC}") = "Server", "WCFSamples\HelloWCF\Server\Server.csproj", "{78781EB6-6605-4F58-9175-A76F5AC8DD8E}"
EndProject
Project("{FAE04EC0-301F-11D3-BF4B-00C04F79EFBC}") = "ExtensionObjectPattern", "ProgrammingPatterns\2.Behavioral Patterns\ExtensionObjectPattern\ExtensionObjectPattern.csproj", "{6694EEBD-9EE7-4EF9-8FB4-6A162DBCCCE5}"
EndProject
Project("{2150E333-8FDC-42A3-9474-1A3956D46DE8}") = "refactoring", "refactoring", "{788003A5-A8AA-4EB5-BA90-80FB3F220890}"
EndProject
Project("{2150E333-8FDC-42A3-9474-1A3956D46DE8}") = "1_CreationalPatterns", "1_CreationalPatterns", "{8F73BF6D-AD59-46A8-A2F4-56535305C2CB}"
EndProject
Project("{2150E333-8FDC-42A3-9474-1A3956D46DE8}") = "2_StructuralPatterns", "2_StructuralPatterns", "{0C6E894A-CC20-435D-AA1D-C6DA5EC5F051}"
EndProject
Project("{2150E333-8FDC-42A3-9474-1A3956D46DE8}") = "3_BehavioralPatterns", "3_BehavioralPatterns", "{E6653FAF-1055-4A85-B3C7-C4336CB09BB7}"
EndProject
Project("{FAE04EC0-301F-11D3-BF4B-00C04F79EFBC}") = "ChainOfResponsibility", "ProgrammingPatterns\refactoring\2_BehavioralPatterns\ChainOfResponsibility\ChainOfResponsibility.csproj", "{04994387-9DEE-4310-A30D-C92380DCE87D}"
EndProject
Global
	GlobalSection(SolutionConfigurationPlatforms) = preSolution
		Debug|Any CPU = Debug|Any CPU
		Debug|x86 = Debug|x86
		Release|Any CPU = Release|Any CPU
		Release|x86 = Release|x86
	EndGlobalSection
	GlobalSection(ProjectConfigurationPlatforms) = postSolution
		{F24B66AC-77DB-4174-BE14-4B803D213D63}.Debug|Any CPU.ActiveCfg = Debug|x86
		{F24B66AC-77DB-4174-BE14-4B803D213D63}.Debug|x86.ActiveCfg = Debug|x86
		{F24B66AC-77DB-4174-BE14-4B803D213D63}.Debug|x86.Build.0 = Debug|x86
		{F24B66AC-77DB-4174-BE14-4B803D213D63}.Release|Any CPU.ActiveCfg = Release|x86
		{F24B66AC-77DB-4174-BE14-4B803D213D63}.Release|x86.ActiveCfg = Release|x86
		{F24B66AC-77DB-4174-BE14-4B803D213D63}.Release|x86.Build.0 = Release|x86
		{10DCB43F-7FBE-4389-8A3F-4FC7E3056248}.Debug|Any CPU.ActiveCfg = Debug|x86
		{10DCB43F-7FBE-4389-8A3F-4FC7E3056248}.Debug|x86.ActiveCfg = Debug|x86
		{10DCB43F-7FBE-4389-8A3F-4FC7E3056248}.Debug|x86.Build.0 = Debug|x86
		{10DCB43F-7FBE-4389-8A3F-4FC7E3056248}.Release|Any CPU.ActiveCfg = Release|x86
		{10DCB43F-7FBE-4389-8A3F-4FC7E3056248}.Release|x86.ActiveCfg = Release|x86
		{10DCB43F-7FBE-4389-8A3F-4FC7E3056248}.Release|x86.Build.0 = Release|x86
		{C23070F2-9E42-4F18-9775-CD5A46A4E5C4}.Debug|Any CPU.ActiveCfg = Debug|Any CPU
		{C23070F2-9E42-4F18-9775-CD5A46A4E5C4}.Debug|Any CPU.Build.0 = Debug|Any CPU
		{C23070F2-9E42-4F18-9775-CD5A46A4E5C4}.Debug|x86.ActiveCfg = Debug|Any CPU
		{C23070F2-9E42-4F18-9775-CD5A46A4E5C4}.Debug|x86.Build.0 = Debug|Any CPU
		{C23070F2-9E42-4F18-9775-CD5A46A4E5C4}.Release|Any CPU.ActiveCfg = Release|Any CPU
		{C23070F2-9E42-4F18-9775-CD5A46A4E5C4}.Release|Any CPU.Build.0 = Release|Any CPU
		{C23070F2-9E42-4F18-9775-CD5A46A4E5C4}.Release|x86.ActiveCfg = Release|Any CPU
		{C23070F2-9E42-4F18-9775-CD5A46A4E5C4}.Release|x86.Build.0 = Release|Any CPU
		{F8E1F325-47EF-45BD-8CAD-2158D2716552}.Debug|Any CPU.ActiveCfg = Debug|Any CPU
		{F8E1F325-47EF-45BD-8CAD-2158D2716552}.Debug|Any CPU.Build.0 = Debug|Any CPU
		{F8E1F325-47EF-45BD-8CAD-2158D2716552}.Debug|x86.ActiveCfg = Debug|Any CPU
		{F8E1F325-47EF-45BD-8CAD-2158D2716552}.Debug|x86.Build.0 = Debug|Any CPU
		{F8E1F325-47EF-45BD-8CAD-2158D2716552}.Release|Any CPU.ActiveCfg = Release|Any CPU
		{F8E1F325-47EF-45BD-8CAD-2158D2716552}.Release|Any CPU.Build.0 = Release|Any CPU
		{F8E1F325-47EF-45BD-8CAD-2158D2716552}.Release|x86.ActiveCfg = Release|Any CPU
		{F8E1F325-47EF-45BD-8CAD-2158D2716552}.Release|x86.Build.0 = Release|Any CPU
		{0B502361-BB30-4783-AAE5-FD610ED2196A}.Debug|Any CPU.ActiveCfg = Debug|Any CPU
		{0B502361-BB30-4783-AAE5-FD610ED2196A}.Debug|Any CPU.Build.0 = Debug|Any CPU
		{0B502361-BB30-4783-AAE5-FD610ED2196A}.Debug|x86.ActiveCfg = Debug|Any CPU
		{0B502361-BB30-4783-AAE5-FD610ED2196A}.Debug|x86.Build.0 = Debug|Any CPU
		{0B502361-BB30-4783-AAE5-FD610ED2196A}.Release|Any CPU.ActiveCfg = Release|Any CPU
		{0B502361-BB30-4783-AAE5-FD610ED2196A}.Release|Any CPU.Build.0 = Release|Any CPU
		{0B502361-BB30-4783-AAE5-FD610ED2196A}.Release|x86.ActiveCfg = Release|Any CPU
		{0B502361-BB30-4783-AAE5-FD610ED2196A}.Release|x86.Build.0 = Release|Any CPU
		{A9F3152D-E7C2-48FC-986D-AC447550856E}.Debug|Any CPU.ActiveCfg = Debug|Any CPU
		{A9F3152D-E7C2-48FC-986D-AC447550856E}.Debug|Any CPU.Build.0 = Debug|Any CPU
		{A9F3152D-E7C2-48FC-986D-AC447550856E}.Debug|x86.ActiveCfg = Debug|Any CPU
		{A9F3152D-E7C2-48FC-986D-AC447550856E}.Debug|x86.Build.0 = Debug|Any CPU
		{A9F3152D-E7C2-48FC-986D-AC447550856E}.Release|Any CPU.ActiveCfg = Release|Any CPU
		{A9F3152D-E7C2-48FC-986D-AC447550856E}.Release|Any CPU.Build.0 = Release|Any CPU
		{A9F3152D-E7C2-48FC-986D-AC447550856E}.Release|x86.ActiveCfg = Release|Any CPU
		{A9F3152D-E7C2-48FC-986D-AC447550856E}.Release|x86.Build.0 = Release|Any CPU
		{41543B5B-A31A-490C-A442-121332119CDF}.Debug|Any CPU.ActiveCfg = Debug|Any CPU
		{41543B5B-A31A-490C-A442-121332119CDF}.Debug|Any CPU.Build.0 = Debug|Any CPU
		{41543B5B-A31A-490C-A442-121332119CDF}.Debug|x86.ActiveCfg = Debug|Any CPU
		{41543B5B-A31A-490C-A442-121332119CDF}.Debug|x86.Build.0 = Debug|Any CPU
		{41543B5B-A31A-490C-A442-121332119CDF}.Release|Any CPU.ActiveCfg = Release|Any CPU
		{41543B5B-A31A-490C-A442-121332119CDF}.Release|Any CPU.Build.0 = Release|Any CPU
		{41543B5B-A31A-490C-A442-121332119CDF}.Release|x86.ActiveCfg = Release|Any CPU
		{41543B5B-A31A-490C-A442-121332119CDF}.Release|x86.Build.0 = Release|Any CPU
		{AEB00618-83CE-45EC-B7D8-77E27D98CAA4}.Debug|Any CPU.ActiveCfg = Debug|Any CPU
		{AEB00618-83CE-45EC-B7D8-77E27D98CAA4}.Debug|Any CPU.Build.0 = Debug|Any CPU
		{AEB00618-83CE-45EC-B7D8-77E27D98CAA4}.Debug|x86.ActiveCfg = Debug|Any CPU
		{AEB00618-83CE-45EC-B7D8-77E27D98CAA4}.Debug|x86.Build.0 = Debug|Any CPU
		{AEB00618-83CE-45EC-B7D8-77E27D98CAA4}.Release|Any CPU.ActiveCfg = Release|Any CPU
		{AEB00618-83CE-45EC-B7D8-77E27D98CAA4}.Release|Any CPU.Build.0 = Release|Any CPU
		{AEB00618-83CE-45EC-B7D8-77E27D98CAA4}.Release|x86.ActiveCfg = Release|Any CPU
		{AEB00618-83CE-45EC-B7D8-77E27D98CAA4}.Release|x86.Build.0 = Release|Any CPU
		{A3620044-7BA7-4724-80AB-61492F26D940}.Debug|Any CPU.ActiveCfg = Debug|Any CPU
		{A3620044-7BA7-4724-80AB-61492F26D940}.Debug|Any CPU.Build.0 = Debug|Any CPU
		{A3620044-7BA7-4724-80AB-61492F26D940}.Debug|x86.ActiveCfg = Debug|Any CPU
		{A3620044-7BA7-4724-80AB-61492F26D940}.Debug|x86.Build.0 = Debug|Any CPU
		{A3620044-7BA7-4724-80AB-61492F26D940}.Release|Any CPU.ActiveCfg = Release|Any CPU
		{A3620044-7BA7-4724-80AB-61492F26D940}.Release|Any CPU.Build.0 = Release|Any CPU
		{A3620044-7BA7-4724-80AB-61492F26D940}.Release|x86.ActiveCfg = Release|Any CPU
		{A3620044-7BA7-4724-80AB-61492F26D940}.Release|x86.Build.0 = Release|Any CPU
		{F812FA82-2FD2-41AC-9023-1A15BF237627}.Debug|Any CPU.ActiveCfg = Debug|x86
		{F812FA82-2FD2-41AC-9023-1A15BF237627}.Debug|x86.ActiveCfg = Debug|x86
		{F812FA82-2FD2-41AC-9023-1A15BF237627}.Debug|x86.Build.0 = Debug|x86
		{F812FA82-2FD2-41AC-9023-1A15BF237627}.Release|Any CPU.ActiveCfg = Release|x86
		{F812FA82-2FD2-41AC-9023-1A15BF237627}.Release|x86.ActiveCfg = Release|x86
		{F812FA82-2FD2-41AC-9023-1A15BF237627}.Release|x86.Build.0 = Release|x86
		{75EAC114-2503-44D2-B9FF-BD655A5E919E}.Debug|Any CPU.ActiveCfg = Debug|Any CPU
		{75EAC114-2503-44D2-B9FF-BD655A5E919E}.Debug|Any CPU.Build.0 = Debug|Any CPU
		{75EAC114-2503-44D2-B9FF-BD655A5E919E}.Debug|x86.ActiveCfg = Debug|Any CPU
		{75EAC114-2503-44D2-B9FF-BD655A5E919E}.Debug|x86.Build.0 = Debug|Any CPU
		{75EAC114-2503-44D2-B9FF-BD655A5E919E}.Release|Any CPU.ActiveCfg = Release|Any CPU
		{75EAC114-2503-44D2-B9FF-BD655A5E919E}.Release|Any CPU.Build.0 = Release|Any CPU
		{75EAC114-2503-44D2-B9FF-BD655A5E919E}.Release|x86.ActiveCfg = Release|Any CPU
		{75EAC114-2503-44D2-B9FF-BD655A5E919E}.Release|x86.Build.0 = Release|Any CPU
		{C05F4EA7-2D7A-4EAA-A3DA-22E2678553A6}.Debug|Any CPU.ActiveCfg = Debug|x86
		{C05F4EA7-2D7A-4EAA-A3DA-22E2678553A6}.Debug|x86.ActiveCfg = Debug|x86
		{C05F4EA7-2D7A-4EAA-A3DA-22E2678553A6}.Debug|x86.Build.0 = Debug|x86
		{C05F4EA7-2D7A-4EAA-A3DA-22E2678553A6}.Release|Any CPU.ActiveCfg = Release|x86
		{C05F4EA7-2D7A-4EAA-A3DA-22E2678553A6}.Release|x86.ActiveCfg = Release|x86
		{C05F4EA7-2D7A-4EAA-A3DA-22E2678553A6}.Release|x86.Build.0 = Release|x86
		{BC67C1E4-1551-48DA-976E-29F8286ED0F8}.Debug|Any CPU.ActiveCfg = Debug|x86
		{BC67C1E4-1551-48DA-976E-29F8286ED0F8}.Debug|x86.ActiveCfg = Debug|x86
		{BC67C1E4-1551-48DA-976E-29F8286ED0F8}.Debug|x86.Build.0 = Debug|x86
		{BC67C1E4-1551-48DA-976E-29F8286ED0F8}.Release|Any CPU.ActiveCfg = Release|x86
		{BC67C1E4-1551-48DA-976E-29F8286ED0F8}.Release|x86.ActiveCfg = Release|x86
		{BC67C1E4-1551-48DA-976E-29F8286ED0F8}.Release|x86.Build.0 = Release|x86
		{6129C2FE-14DA-4FCC-A431-5221682BFED6}.Debug|Any CPU.ActiveCfg = Debug|x86
		{6129C2FE-14DA-4FCC-A431-5221682BFED6}.Debug|x86.ActiveCfg = Debug|x86
		{6129C2FE-14DA-4FCC-A431-5221682BFED6}.Debug|x86.Build.0 = Debug|x86
		{6129C2FE-14DA-4FCC-A431-5221682BFED6}.Release|Any CPU.ActiveCfg = Release|x86
		{6129C2FE-14DA-4FCC-A431-5221682BFED6}.Release|x86.ActiveCfg = Release|x86
		{6129C2FE-14DA-4FCC-A431-5221682BFED6}.Release|x86.Build.0 = Release|x86
		{907E5CDE-A18E-402C-AA5C-15CEA59F92D9}.Debug|Any CPU.ActiveCfg = Debug|x86
		{907E5CDE-A18E-402C-AA5C-15CEA59F92D9}.Debug|x86.ActiveCfg = Debug|x86
		{907E5CDE-A18E-402C-AA5C-15CEA59F92D9}.Debug|x86.Build.0 = Debug|x86
		{907E5CDE-A18E-402C-AA5C-15CEA59F92D9}.Release|Any CPU.ActiveCfg = Release|x86
		{907E5CDE-A18E-402C-AA5C-15CEA59F92D9}.Release|x86.ActiveCfg = Release|x86
		{907E5CDE-A18E-402C-AA5C-15CEA59F92D9}.Release|x86.Build.0 = Release|x86
		{3CB4BADE-61CC-4D82-9F64-B47D4D034465}.Debug|Any CPU.ActiveCfg = Debug|Any CPU
		{3CB4BADE-61CC-4D82-9F64-B47D4D034465}.Debug|Any CPU.Build.0 = Debug|Any CPU
		{3CB4BADE-61CC-4D82-9F64-B47D4D034465}.Debug|x86.ActiveCfg = Debug|Any CPU
		{3CB4BADE-61CC-4D82-9F64-B47D4D034465}.Debug|x86.Build.0 = Debug|Any CPU
		{3CB4BADE-61CC-4D82-9F64-B47D4D034465}.Release|Any CPU.ActiveCfg = Release|Any CPU
		{3CB4BADE-61CC-4D82-9F64-B47D4D034465}.Release|Any CPU.Build.0 = Release|Any CPU
		{3CB4BADE-61CC-4D82-9F64-B47D4D034465}.Release|x86.ActiveCfg = Release|Any CPU
		{3CB4BADE-61CC-4D82-9F64-B47D4D034465}.Release|x86.Build.0 = Release|Any CPU
		{9DA63CD8-2D84-45C6-91C6-C53322624C5A}.Debug|Any CPU.ActiveCfg = Debug|Any CPU
		{9DA63CD8-2D84-45C6-91C6-C53322624C5A}.Debug|Any CPU.Build.0 = Debug|Any CPU
		{9DA63CD8-2D84-45C6-91C6-C53322624C5A}.Debug|x86.ActiveCfg = Debug|Any CPU
		{9DA63CD8-2D84-45C6-91C6-C53322624C5A}.Debug|x86.Build.0 = Debug|Any CPU
		{9DA63CD8-2D84-45C6-91C6-C53322624C5A}.Release|Any CPU.ActiveCfg = Release|Any CPU
		{9DA63CD8-2D84-45C6-91C6-C53322624C5A}.Release|Any CPU.Build.0 = Release|Any CPU
		{9DA63CD8-2D84-45C6-91C6-C53322624C5A}.Release|x86.ActiveCfg = Release|Any CPU
		{9DA63CD8-2D84-45C6-91C6-C53322624C5A}.Release|x86.Build.0 = Release|Any CPU
		{CB8C8318-637A-4AE5-944B-A7630D46C6DD}.Debug|Any CPU.ActiveCfg = Debug|Any CPU
		{CB8C8318-637A-4AE5-944B-A7630D46C6DD}.Debug|Any CPU.Build.0 = Debug|Any CPU
		{CB8C8318-637A-4AE5-944B-A7630D46C6DD}.Debug|x86.ActiveCfg = Debug|Any CPU
		{CB8C8318-637A-4AE5-944B-A7630D46C6DD}.Debug|x86.Build.0 = Debug|Any CPU
		{CB8C8318-637A-4AE5-944B-A7630D46C6DD}.Release|Any CPU.ActiveCfg = Release|Any CPU
		{CB8C8318-637A-4AE5-944B-A7630D46C6DD}.Release|Any CPU.Build.0 = Release|Any CPU
		{CB8C8318-637A-4AE5-944B-A7630D46C6DD}.Release|x86.ActiveCfg = Release|Any CPU
		{CB8C8318-637A-4AE5-944B-A7630D46C6DD}.Release|x86.Build.0 = Release|Any CPU
		{E5A73CDC-6D49-4DF7-806B-75C2E6422E49}.Debug|Any CPU.ActiveCfg = Debug|Any CPU
		{E5A73CDC-6D49-4DF7-806B-75C2E6422E49}.Debug|Any CPU.Build.0 = Debug|Any CPU
		{E5A73CDC-6D49-4DF7-806B-75C2E6422E49}.Debug|x86.ActiveCfg = Debug|Any CPU
		{E5A73CDC-6D49-4DF7-806B-75C2E6422E49}.Debug|x86.Build.0 = Debug|Any CPU
		{E5A73CDC-6D49-4DF7-806B-75C2E6422E49}.Release|Any CPU.ActiveCfg = Release|Any CPU
		{E5A73CDC-6D49-4DF7-806B-75C2E6422E49}.Release|Any CPU.Build.0 = Release|Any CPU
		{E5A73CDC-6D49-4DF7-806B-75C2E6422E49}.Release|x86.ActiveCfg = Release|Any CPU
		{E5A73CDC-6D49-4DF7-806B-75C2E6422E49}.Release|x86.Build.0 = Release|Any CPU
		{1F982BFA-D228-46CE-B37D-2B242FFC0BB4}.Debug|Any CPU.ActiveCfg = Debug|Any CPU
		{1F982BFA-D228-46CE-B37D-2B242FFC0BB4}.Debug|Any CPU.Build.0 = Debug|Any CPU
		{1F982BFA-D228-46CE-B37D-2B242FFC0BB4}.Debug|x86.ActiveCfg = Debug|Any CPU
		{1F982BFA-D228-46CE-B37D-2B242FFC0BB4}.Debug|x86.Build.0 = Debug|Any CPU
		{1F982BFA-D228-46CE-B37D-2B242FFC0BB4}.Release|Any CPU.ActiveCfg = Release|Any CPU
		{1F982BFA-D228-46CE-B37D-2B242FFC0BB4}.Release|Any CPU.Build.0 = Release|Any CPU
		{1F982BFA-D228-46CE-B37D-2B242FFC0BB4}.Release|x86.ActiveCfg = Release|Any CPU
		{1F982BFA-D228-46CE-B37D-2B242FFC0BB4}.Release|x86.Build.0 = Release|Any CPU
		{FF7C7637-21BC-4B15-A376-728DDD5904AD}.Debug|Any CPU.ActiveCfg = Debug|Any CPU
		{FF7C7637-21BC-4B15-A376-728DDD5904AD}.Debug|Any CPU.Build.0 = Debug|Any CPU
		{FF7C7637-21BC-4B15-A376-728DDD5904AD}.Debug|x86.ActiveCfg = Debug|Any CPU
		{FF7C7637-21BC-4B15-A376-728DDD5904AD}.Debug|x86.Build.0 = Debug|Any CPU
		{FF7C7637-21BC-4B15-A376-728DDD5904AD}.Release|Any CPU.ActiveCfg = Release|Any CPU
		{FF7C7637-21BC-4B15-A376-728DDD5904AD}.Release|Any CPU.Build.0 = Release|Any CPU
		{FF7C7637-21BC-4B15-A376-728DDD5904AD}.Release|x86.ActiveCfg = Release|Any CPU
		{FF7C7637-21BC-4B15-A376-728DDD5904AD}.Release|x86.Build.0 = Release|Any CPU
		{7C4ED5E0-B05A-498E-ADE2-2652B018ED5C}.Debug|Any CPU.ActiveCfg = Debug|Any CPU
		{7C4ED5E0-B05A-498E-ADE2-2652B018ED5C}.Debug|Any CPU.Build.0 = Debug|Any CPU
		{7C4ED5E0-B05A-498E-ADE2-2652B018ED5C}.Debug|x86.ActiveCfg = Debug|Any CPU
		{7C4ED5E0-B05A-498E-ADE2-2652B018ED5C}.Debug|x86.Build.0 = Debug|Any CPU
		{7C4ED5E0-B05A-498E-ADE2-2652B018ED5C}.Release|Any CPU.ActiveCfg = Release|Any CPU
		{7C4ED5E0-B05A-498E-ADE2-2652B018ED5C}.Release|Any CPU.Build.0 = Release|Any CPU
		{7C4ED5E0-B05A-498E-ADE2-2652B018ED5C}.Release|x86.ActiveCfg = Release|Any CPU
		{7C4ED5E0-B05A-498E-ADE2-2652B018ED5C}.Release|x86.Build.0 = Release|Any CPU
		{7543013F-2429-4DDA-9E8F-1162AD1E5531}.Debug|Any CPU.ActiveCfg = Debug|Any CPU
		{7543013F-2429-4DDA-9E8F-1162AD1E5531}.Debug|Any CPU.Build.0 = Debug|Any CPU
		{7543013F-2429-4DDA-9E8F-1162AD1E5531}.Debug|x86.ActiveCfg = Debug|Any CPU
		{7543013F-2429-4DDA-9E8F-1162AD1E5531}.Debug|x86.Build.0 = Debug|Any CPU
		{7543013F-2429-4DDA-9E8F-1162AD1E5531}.Release|Any CPU.ActiveCfg = Release|Any CPU
		{7543013F-2429-4DDA-9E8F-1162AD1E5531}.Release|Any CPU.Build.0 = Release|Any CPU
		{7543013F-2429-4DDA-9E8F-1162AD1E5531}.Release|x86.ActiveCfg = Release|Any CPU
		{7543013F-2429-4DDA-9E8F-1162AD1E5531}.Release|x86.Build.0 = Release|Any CPU
		{69AFADC9-E7AF-453E-993F-E7AB4534A34B}.Debug|Any CPU.ActiveCfg = Debug|Any CPU
		{69AFADC9-E7AF-453E-993F-E7AB4534A34B}.Debug|Any CPU.Build.0 = Debug|Any CPU
		{69AFADC9-E7AF-453E-993F-E7AB4534A34B}.Debug|x86.ActiveCfg = Debug|Any CPU
		{69AFADC9-E7AF-453E-993F-E7AB4534A34B}.Debug|x86.Build.0 = Debug|Any CPU
		{69AFADC9-E7AF-453E-993F-E7AB4534A34B}.Release|Any CPU.ActiveCfg = Release|Any CPU
		{69AFADC9-E7AF-453E-993F-E7AB4534A34B}.Release|Any CPU.Build.0 = Release|Any CPU
		{69AFADC9-E7AF-453E-993F-E7AB4534A34B}.Release|x86.ActiveCfg = Release|Any CPU
		{69AFADC9-E7AF-453E-993F-E7AB4534A34B}.Release|x86.Build.0 = Release|Any CPU
		{FD2E3A6C-7386-4385-909C-BA4D938477CC}.Debug|Any CPU.ActiveCfg = Debug|Any CPU
		{FD2E3A6C-7386-4385-909C-BA4D938477CC}.Debug|Any CPU.Build.0 = Debug|Any CPU
		{FD2E3A6C-7386-4385-909C-BA4D938477CC}.Debug|x86.ActiveCfg = Debug|Any CPU
		{FD2E3A6C-7386-4385-909C-BA4D938477CC}.Debug|x86.Build.0 = Debug|Any CPU
		{FD2E3A6C-7386-4385-909C-BA4D938477CC}.Release|Any CPU.ActiveCfg = Release|Any CPU
		{FD2E3A6C-7386-4385-909C-BA4D938477CC}.Release|Any CPU.Build.0 = Release|Any CPU
		{FD2E3A6C-7386-4385-909C-BA4D938477CC}.Release|x86.ActiveCfg = Release|Any CPU
		{FD2E3A6C-7386-4385-909C-BA4D938477CC}.Release|x86.Build.0 = Release|Any CPU
		{A57C6C6C-F1D7-4E38-A881-C3063F36DBE1}.Debug|Any CPU.ActiveCfg = Debug|Any CPU
		{A57C6C6C-F1D7-4E38-A881-C3063F36DBE1}.Debug|Any CPU.Build.0 = Debug|Any CPU
		{A57C6C6C-F1D7-4E38-A881-C3063F36DBE1}.Debug|x86.ActiveCfg = Debug|Any CPU
		{A57C6C6C-F1D7-4E38-A881-C3063F36DBE1}.Debug|x86.Build.0 = Debug|Any CPU
		{A57C6C6C-F1D7-4E38-A881-C3063F36DBE1}.Release|Any CPU.ActiveCfg = Release|Any CPU
		{A57C6C6C-F1D7-4E38-A881-C3063F36DBE1}.Release|Any CPU.Build.0 = Release|Any CPU
		{A57C6C6C-F1D7-4E38-A881-C3063F36DBE1}.Release|x86.ActiveCfg = Release|Any CPU
		{A57C6C6C-F1D7-4E38-A881-C3063F36DBE1}.Release|x86.Build.0 = Release|Any CPU
		{5B5C92DE-74C1-4896-AE47-7E69AF81D10F}.Debug|Any CPU.ActiveCfg = Debug|Any CPU
		{5B5C92DE-74C1-4896-AE47-7E69AF81D10F}.Debug|Any CPU.Build.0 = Debug|Any CPU
		{5B5C92DE-74C1-4896-AE47-7E69AF81D10F}.Debug|x86.ActiveCfg = Debug|Any CPU
		{5B5C92DE-74C1-4896-AE47-7E69AF81D10F}.Debug|x86.Build.0 = Debug|Any CPU
		{5B5C92DE-74C1-4896-AE47-7E69AF81D10F}.Release|Any CPU.ActiveCfg = Release|Any CPU
		{5B5C92DE-74C1-4896-AE47-7E69AF81D10F}.Release|Any CPU.Build.0 = Release|Any CPU
		{5B5C92DE-74C1-4896-AE47-7E69AF81D10F}.Release|x86.ActiveCfg = Release|Any CPU
		{5B5C92DE-74C1-4896-AE47-7E69AF81D10F}.Release|x86.Build.0 = Release|Any CPU
		{CA6CB5F9-C0A4-4DD2-B53C-6E6765E305BE}.Debug|Any CPU.ActiveCfg = Debug|x86
		{CA6CB5F9-C0A4-4DD2-B53C-6E6765E305BE}.Debug|x86.ActiveCfg = Debug|x86
		{CA6CB5F9-C0A4-4DD2-B53C-6E6765E305BE}.Debug|x86.Build.0 = Debug|x86
		{CA6CB5F9-C0A4-4DD2-B53C-6E6765E305BE}.Release|Any CPU.ActiveCfg = Release|x86
		{CA6CB5F9-C0A4-4DD2-B53C-6E6765E305BE}.Release|x86.ActiveCfg = Release|x86
		{CA6CB5F9-C0A4-4DD2-B53C-6E6765E305BE}.Release|x86.Build.0 = Release|x86
		{4FCFA72B-D852-4CA9-9783-C6D01D79342C}.Debug|Any CPU.ActiveCfg = Debug|Any CPU
		{4FCFA72B-D852-4CA9-9783-C6D01D79342C}.Debug|Any CPU.Build.0 = Debug|Any CPU
		{4FCFA72B-D852-4CA9-9783-C6D01D79342C}.Debug|x86.ActiveCfg = Debug|Any CPU
		{4FCFA72B-D852-4CA9-9783-C6D01D79342C}.Debug|x86.Build.0 = Debug|Any CPU
		{4FCFA72B-D852-4CA9-9783-C6D01D79342C}.Release|Any CPU.ActiveCfg = Release|Any CPU
		{4FCFA72B-D852-4CA9-9783-C6D01D79342C}.Release|Any CPU.Build.0 = Release|Any CPU
		{4FCFA72B-D852-4CA9-9783-C6D01D79342C}.Release|x86.ActiveCfg = Release|Any CPU
		{4FCFA72B-D852-4CA9-9783-C6D01D79342C}.Release|x86.Build.0 = Release|Any CPU
		{FC1D9DF4-A06B-4C12-A4FA-B0AEE4C3AE57}.Debug|Any CPU.ActiveCfg = Debug|Any CPU
		{FC1D9DF4-A06B-4C12-A4FA-B0AEE4C3AE57}.Debug|Any CPU.Build.0 = Debug|Any CPU
		{FC1D9DF4-A06B-4C12-A4FA-B0AEE4C3AE57}.Debug|x86.ActiveCfg = Debug|Any CPU
		{FC1D9DF4-A06B-4C12-A4FA-B0AEE4C3AE57}.Debug|x86.Build.0 = Debug|Any CPU
		{FC1D9DF4-A06B-4C12-A4FA-B0AEE4C3AE57}.Release|Any CPU.ActiveCfg = Release|Any CPU
		{FC1D9DF4-A06B-4C12-A4FA-B0AEE4C3AE57}.Release|Any CPU.Build.0 = Release|Any CPU
		{FC1D9DF4-A06B-4C12-A4FA-B0AEE4C3AE57}.Release|x86.ActiveCfg = Release|Any CPU
		{FC1D9DF4-A06B-4C12-A4FA-B0AEE4C3AE57}.Release|x86.Build.0 = Release|Any CPU
		{ACE4C687-A66D-4E32-96C5-AC08EFB333DF}.Debug|Any CPU.ActiveCfg = Debug|x86
		{ACE4C687-A66D-4E32-96C5-AC08EFB333DF}.Debug|x86.ActiveCfg = Debug|x86
		{ACE4C687-A66D-4E32-96C5-AC08EFB333DF}.Debug|x86.Build.0 = Debug|x86
		{ACE4C687-A66D-4E32-96C5-AC08EFB333DF}.Release|Any CPU.ActiveCfg = Release|x86
		{ACE4C687-A66D-4E32-96C5-AC08EFB333DF}.Release|x86.ActiveCfg = Release|x86
		{ACE4C687-A66D-4E32-96C5-AC08EFB333DF}.Release|x86.Build.0 = Release|x86
		{91491056-694F-480F-AABA-CDC1C66EC6DA}.Debug|Any CPU.ActiveCfg = Debug|x86
		{91491056-694F-480F-AABA-CDC1C66EC6DA}.Debug|x86.ActiveCfg = Debug|x86
		{91491056-694F-480F-AABA-CDC1C66EC6DA}.Debug|x86.Build.0 = Debug|x86
		{91491056-694F-480F-AABA-CDC1C66EC6DA}.Release|Any CPU.ActiveCfg = Release|x86
		{91491056-694F-480F-AABA-CDC1C66EC6DA}.Release|x86.ActiveCfg = Release|x86
		{91491056-694F-480F-AABA-CDC1C66EC6DA}.Release|x86.Build.0 = Release|x86
		{2013C94E-13A8-48B5-BAB0-9F1CE1A6DC39}.Debug|Any CPU.ActiveCfg = Debug|Any CPU
		{2013C94E-13A8-48B5-BAB0-9F1CE1A6DC39}.Debug|Any CPU.Build.0 = Debug|Any CPU
		{2013C94E-13A8-48B5-BAB0-9F1CE1A6DC39}.Debug|x86.ActiveCfg = Debug|Any CPU
		{2013C94E-13A8-48B5-BAB0-9F1CE1A6DC39}.Debug|x86.Build.0 = Debug|Any CPU
		{2013C94E-13A8-48B5-BAB0-9F1CE1A6DC39}.Release|Any CPU.ActiveCfg = Release|Any CPU
		{2013C94E-13A8-48B5-BAB0-9F1CE1A6DC39}.Release|Any CPU.Build.0 = Release|Any CPU
		{2013C94E-13A8-48B5-BAB0-9F1CE1A6DC39}.Release|x86.ActiveCfg = Release|Any CPU
		{2013C94E-13A8-48B5-BAB0-9F1CE1A6DC39}.Release|x86.Build.0 = Release|Any CPU
		{6F843DF0-AB4A-479C-BFCA-789CD55B20DD}.Debug|Any CPU.ActiveCfg = Debug|x86
		{6F843DF0-AB4A-479C-BFCA-789CD55B20DD}.Debug|x86.ActiveCfg = Debug|x86
		{6F843DF0-AB4A-479C-BFCA-789CD55B20DD}.Debug|x86.Build.0 = Debug|x86
		{6F843DF0-AB4A-479C-BFCA-789CD55B20DD}.Release|Any CPU.ActiveCfg = Release|x86
		{6F843DF0-AB4A-479C-BFCA-789CD55B20DD}.Release|x86.ActiveCfg = Release|x86
		{6F843DF0-AB4A-479C-BFCA-789CD55B20DD}.Release|x86.Build.0 = Release|x86
		{19BC98FD-E45C-46EE-BAF5-7FC860603560}.Debug|Any CPU.ActiveCfg = Debug|Any CPU
		{19BC98FD-E45C-46EE-BAF5-7FC860603560}.Debug|Any CPU.Build.0 = Debug|Any CPU
		{19BC98FD-E45C-46EE-BAF5-7FC860603560}.Debug|x86.ActiveCfg = Debug|Any CPU
		{19BC98FD-E45C-46EE-BAF5-7FC860603560}.Debug|x86.Build.0 = Debug|Any CPU
		{19BC98FD-E45C-46EE-BAF5-7FC860603560}.Release|Any CPU.ActiveCfg = Release|Any CPU
		{19BC98FD-E45C-46EE-BAF5-7FC860603560}.Release|Any CPU.Build.0 = Release|Any CPU
		{19BC98FD-E45C-46EE-BAF5-7FC860603560}.Release|x86.ActiveCfg = Release|Any CPU
		{19BC98FD-E45C-46EE-BAF5-7FC860603560}.Release|x86.Build.0 = Release|Any CPU
		{78781EB6-6605-4F58-9175-A76F5AC8DD8E}.Debug|Any CPU.ActiveCfg = Debug|Any CPU
		{78781EB6-6605-4F58-9175-A76F5AC8DD8E}.Debug|Any CPU.Build.0 = Debug|Any CPU
		{78781EB6-6605-4F58-9175-A76F5AC8DD8E}.Debug|x86.ActiveCfg = Debug|Any CPU
		{78781EB6-6605-4F58-9175-A76F5AC8DD8E}.Debug|x86.Build.0 = Debug|Any CPU
		{78781EB6-6605-4F58-9175-A76F5AC8DD8E}.Release|Any CPU.ActiveCfg = Release|Any CPU
		{78781EB6-6605-4F58-9175-A76F5AC8DD8E}.Release|Any CPU.Build.0 = Release|Any CPU
		{78781EB6-6605-4F58-9175-A76F5AC8DD8E}.Release|x86.ActiveCfg = Release|Any CPU
		{78781EB6-6605-4F58-9175-A76F5AC8DD8E}.Release|x86.Build.0 = Release|Any CPU
		{6694EEBD-9EE7-4EF9-8FB4-6A162DBCCCE5}.Debug|Any CPU.ActiveCfg = Debug|Any CPU
		{6694EEBD-9EE7-4EF9-8FB4-6A162DBCCCE5}.Debug|Any CPU.Build.0 = Debug|Any CPU
		{6694EEBD-9EE7-4EF9-8FB4-6A162DBCCCE5}.Debug|x86.ActiveCfg = Debug|Any CPU
		{6694EEBD-9EE7-4EF9-8FB4-6A162DBCCCE5}.Debug|x86.Build.0 = Debug|Any CPU
		{6694EEBD-9EE7-4EF9-8FB4-6A162DBCCCE5}.Release|Any CPU.ActiveCfg = Release|Any CPU
		{6694EEBD-9EE7-4EF9-8FB4-6A162DBCCCE5}.Release|Any CPU.Build.0 = Release|Any CPU
		{6694EEBD-9EE7-4EF9-8FB4-6A162DBCCCE5}.Release|x86.ActiveCfg = Release|Any CPU
		{6694EEBD-9EE7-4EF9-8FB4-6A162DBCCCE5}.Release|x86.Build.0 = Release|Any CPU
		{04994387-9DEE-4310-A30D-C92380DCE87D}.Debug|Any CPU.ActiveCfg = Debug|Any CPU
		{04994387-9DEE-4310-A30D-C92380DCE87D}.Debug|Any CPU.Build.0 = Debug|Any CPU
		{04994387-9DEE-4310-A30D-C92380DCE87D}.Debug|x86.ActiveCfg = Debug|Any CPU
		{04994387-9DEE-4310-A30D-C92380DCE87D}.Debug|x86.Build.0 = Debug|Any CPU
		{04994387-9DEE-4310-A30D-C92380DCE87D}.Release|Any CPU.ActiveCfg = Release|Any CPU
		{04994387-9DEE-4310-A30D-C92380DCE87D}.Release|Any CPU.Build.0 = Release|Any CPU
		{04994387-9DEE-4310-A30D-C92380DCE87D}.Release|x86.ActiveCfg = Release|Any CPU
		{04994387-9DEE-4310-A30D-C92380DCE87D}.Release|x86.Build.0 = Release|Any CPU
	EndGlobalSection
	GlobalSection(SolutionProperties) = preSolution
		HideSolutionNode = FALSE
	EndGlobalSection
	GlobalSection(NestedProjects) = preSolution
		{03C4203B-FC34-406F-8869-20CCD1B14E5E} = {719BA251-BC75-4307-A81B-A0E15614809D}
		{8891168A-D19D-45A0-9DB1-3ECE45451767} = {719BA251-BC75-4307-A81B-A0E15614809D}
		{4B9F5653-BFAF-4A4B-AEFE-28682245D291} = {8891168A-D19D-45A0-9DB1-3ECE45451767}
		{14BBB065-C293-45BB-80C1-8A2326A120C2} = {CAA73B6D-8880-4EE1-A081-2F8F6E0F1A0A}
		{C23070F2-9E42-4F18-9775-CD5A46A4E5C4} = {14BBB065-C293-45BB-80C1-8A2326A120C2}
		{F15BF61A-16A7-4774-81A0-2BB42BBBE1B0} = {CAA73B6D-8880-4EE1-A081-2F8F6E0F1A0A}
		{F8E1F325-47EF-45BD-8CAD-2158D2716552} = {F15BF61A-16A7-4774-81A0-2BB42BBBE1B0}
		{5D53E566-B8A7-4674-B2CF-B797C8557C16} = {719BA251-BC75-4307-A81B-A0E15614809D}
		{0B502361-BB30-4783-AAE5-FD610ED2196A} = {DE76817E-C484-4E0A-96CE-96613C4CFAEE}
		{A9F3152D-E7C2-48FC-986D-AC447550856E} = {DE76817E-C484-4E0A-96CE-96613C4CFAEE}
		{DE76817E-C484-4E0A-96CE-96613C4CFAEE} = {376CEA56-3C1B-4A84-A16D-A3C370A01A35}
		{D06FE291-2884-4F22-A12F-FE0F026CF6C3} = {376CEA56-3C1B-4A84-A16D-A3C370A01A35}
		{25B3CDA5-48FC-4D88-AB64-48276E169E11} = {376CEA56-3C1B-4A84-A16D-A3C370A01A35}
		{41543B5B-A31A-490C-A442-121332119CDF} = {46D42A12-F769-4463-8624-EBE9AAF545C8}
		{46D42A12-F769-4463-8624-EBE9AAF545C8} = {376CEA56-3C1B-4A84-A16D-A3C370A01A35}
		{AEB00618-83CE-45EC-B7D8-77E27D98CAA4} = {46D42A12-F769-4463-8624-EBE9AAF545C8}
		{6A4CB7F3-2B84-4867-AD33-B94B8C8D6C3A} = {03C4203B-FC34-406F-8869-20CCD1B14E5E}
		{F812FA82-2FD2-41AC-9023-1A15BF237627} = {6A4CB7F3-2B84-4867-AD33-B94B8C8D6C3A}
		{75EAC114-2503-44D2-B9FF-BD655A5E919E} = {6A4CB7F3-2B84-4867-AD33-B94B8C8D6C3A}
		{C05F4EA7-2D7A-4EAA-A3DA-22E2678553A6} = {03C4203B-FC34-406F-8869-20CCD1B14E5E}
		{BC67C1E4-1551-48DA-976E-29F8286ED0F8} = {03C4203B-FC34-406F-8869-20CCD1B14E5E}
		{6129C2FE-14DA-4FCC-A431-5221682BFED6} = {03C4203B-FC34-406F-8869-20CCD1B14E5E}
		{907E5CDE-A18E-402C-AA5C-15CEA59F92D9} = {4B9F5653-BFAF-4A4B-AEFE-28682245D291}
		{3CB4BADE-61CC-4D82-9F64-B47D4D034465} = {4B9F5653-BFAF-4A4B-AEFE-28682245D291}
		{9DA63CD8-2D84-45C6-91C6-C53322624C5A} = {8891168A-D19D-45A0-9DB1-3ECE45451767}
		{CB8C8318-637A-4AE5-944B-A7630D46C6DD} = {8891168A-D19D-45A0-9DB1-3ECE45451767}
		{E5A73CDC-6D49-4DF7-806B-75C2E6422E49} = {8891168A-D19D-45A0-9DB1-3ECE45451767}
		{1F982BFA-D228-46CE-B37D-2B242FFC0BB4} = {8891168A-D19D-45A0-9DB1-3ECE45451767}
		{FF7C7637-21BC-4B15-A376-728DDD5904AD} = {8891168A-D19D-45A0-9DB1-3ECE45451767}
		{7C4ED5E0-B05A-498E-ADE2-2652B018ED5C} = {8891168A-D19D-45A0-9DB1-3ECE45451767}
		{7543013F-2429-4DDA-9E8F-1162AD1E5531} = {8891168A-D19D-45A0-9DB1-3ECE45451767}
		{69AFADC9-E7AF-453E-993F-E7AB4534A34B} = {8891168A-D19D-45A0-9DB1-3ECE45451767}
		{FD2E3A6C-7386-4385-909C-BA4D938477CC} = {8891168A-D19D-45A0-9DB1-3ECE45451767}
		{A57C6C6C-F1D7-4E38-A881-C3063F36DBE1} = {5D53E566-B8A7-4674-B2CF-B797C8557C16}
		{998BE6DC-746C-4829-AC37-93256B300F04} = {03C4203B-FC34-406F-8869-20CCD1B14E5E}
		{5B5C92DE-74C1-4896-AE47-7E69AF81D10F} = {998BE6DC-746C-4829-AC37-93256B300F04}
		{CA6CB5F9-C0A4-4DD2-B53C-6E6765E305BE} = {998BE6DC-746C-4829-AC37-93256B300F04}
		{4FCFA72B-D852-4CA9-9783-C6D01D79342C} = {D06FE291-2884-4F22-A12F-FE0F026CF6C3}
		{FC1D9DF4-A06B-4C12-A4FA-B0AEE4C3AE57} = {25B3CDA5-48FC-4D88-AB64-48276E169E11}
		{ACE4C687-A66D-4E32-96C5-AC08EFB333DF} = {E1E39965-2E35-4175-964B-C41A521AA3C7}
		{91491056-694F-480F-AABA-CDC1C66EC6DA} = {E1E39965-2E35-4175-964B-C41A521AA3C7}
		{2013C94E-13A8-48B5-BAB0-9F1CE1A6DC39} = {E1E39965-2E35-4175-964B-C41A521AA3C7}
		{6F843DF0-AB4A-479C-BFCA-789CD55B20DD} = {E1E39965-2E35-4175-964B-C41A521AA3C7}
		{DE0ACD68-CC8F-4A75-A295-77910EBCD1A2} = {FB942C8F-5819-4473-BE4C-578514823F8C}
		{19BC98FD-E45C-46EE-BAF5-7FC860603560} = {DE0ACD68-CC8F-4A75-A295-77910EBCD1A2}
		{78781EB6-6605-4F58-9175-A76F5AC8DD8E} = {DE0ACD68-CC8F-4A75-A295-77910EBCD1A2}
		{6694EEBD-9EE7-4EF9-8FB4-6A162DBCCCE5} = {8891168A-D19D-45A0-9DB1-3ECE45451767}
		{788003A5-A8AA-4EB5-BA90-80FB3F220890} = {719BA251-BC75-4307-A81B-A0E15614809D}
		{8F73BF6D-AD59-46A8-A2F4-56535305C2CB} = {788003A5-A8AA-4EB5-BA90-80FB3F220890}
		{0C6E894A-CC20-435D-AA1D-C6DA5EC5F051} = {788003A5-A8AA-4EB5-BA90-80FB3F220890}
		{E6653FAF-1055-4A85-B3C7-C4336CB09BB7} = {788003A5-A8AA-4EB5-BA90-80FB3F220890}
		{04994387-9DEE-4310-A30D-C92380DCE87D} = {E6653FAF-1055-4A85-B3C7-C4336CB09BB7}
	EndGlobalSection
	GlobalSection(ExtensibilityGlobals) = postSolution
		SolutionGuid = {D84CE283-9CE0-43F6-8FEC-E40E00694DB5}
	EndGlobalSection
EndGlobal
